
Microsoft Visual Studio Solution File, Format Version 12.00
# Visual Studio Version 17
VisualStudioVersion = 17.12.35707.178 d17.12
MinimumVisualStudioVersion = 10.0.40219.1
Project("{FAE04EC0-301F-11D3-BF4B-00C04F79EFBC}") = "Blocked Country", "Blocked Country\Blocked Country.csproj", "{98092E84-C717-4624-A4ED-D9FD49D7E95A}"
EndProject
Project("{FAE04EC0-301F-11D3-BF4B-00C04F79EFBC}") = "Blocked CountryCore", "Blocked CountryCore\Blocked CountryCore.csproj", "{636F093D-178A-4139-8037-CC079D8225B4}"
EndProject
Project("{FAE04EC0-301F-11D3-BF4B-00C04F79EFBC}") = "Blocked CountryServices", "Blocked CountryServices\Blocked CountryServices.csproj", "{FA04F852-2974-45DE-804E-F4C856726111}"
EndProject
Global
	GlobalSection(SolutionConfigurationPlatforms) = preSolution
		Debug|Any CPU = Debug|Any CPU
		Release|Any CPU = Release|Any CPU
	EndGlobalSection
	GlobalSection(ProjectConfigurationPlatforms) = postSolution
		{98092E84-C717-4624-A4ED-D9FD49D7E95A}.Debug|Any CPU.ActiveCfg = Debug|Any CPU
		{98092E84-C717-4624-A4ED-D9FD49D7E95A}.Debug|Any CPU.Build.0 = Debug|Any CPU
		{98092E84-C717-4624-A4ED-D9FD49D7E95A}.Release|Any CPU.ActiveCfg = Release|Any CPU
		{98092E84-C717-4624-A4ED-D9FD49D7E95A}.Release|Any CPU.Build.0 = Release|Any CPU
		{636F093D-178A-4139-8037-CC079D8225B4}.Debug|Any CPU.ActiveCfg = Debug|Any CPU
		{636F093D-178A-4139-8037-CC079D8225B4}.Debug|Any CPU.Build.0 = Debug|Any CPU
		{636F093D-178A-4139-8037-CC079D8225B4}.Release|Any CPU.ActiveCfg = Release|Any CPU
		{636F093D-178A-4139-8037-CC079D8225B4}.Release|Any CPU.Build.0 = Release|Any CPU
		{FA04F852-2974-45DE-804E-F4C856726111}.Debug|Any CPU.ActiveCfg = Debug|Any CPU
		{FA04F852-2974-45DE-804E-F4C856726111}.Debug|Any CPU.Build.0 = Debug|Any CPU
		{FA04F852-2974-45DE-804E-F4C856726111}.Release|Any CPU.ActiveCfg = Release|Any CPU
		{FA04F852-2974-45DE-804E-F4C856726111}.Release|Any CPU.Build.0 = Release|Any CPU
	EndGlobalSection
	GlobalSection(SolutionProperties) = preSolution
		HideSolutionNode = FALSE
	EndGlobalSection
EndGlobal
